# THIS IS AN AUTOGENERATED FILE. DO NOT EDIT THIS FILE DIRECTLY.
# yarn lockfile v1


"@mantine/dates@^7.17.4":
  version "7.17.4"
  resolved "https://registry.yarnpkg.com/@mantine/dates/-/dates-7.17.4.tgz#d4a305c966e9ebc63eb1121ee6863e505bd502b2"
  integrity sha512-6oqcmcJb0Pypju+/z6s9nEVa3B9Pdj5DTrdj/FP/RD7RFx4k7nHi+jFstn4qcso6nghRRROKMHErfqrBybjzKA==
  dependencies:
    clsx "^2.1.1"

clsx@^2.1.1:
  version "2.1.1"
  resolved "https://registry.yarnpkg.com/clsx/-/clsx-2.1.1.tgz#eed397c9fd8bd882bfb18deab7102049a2f32999"
  integrity sha512-eYm0QWBtUrBWZWG0d386OGAw16Z995PiOVo2B7bjWSbHedGl5e0ZWaq65kOGgUSNesEIDkB9ISbTg/JK9dhCZA==

dayjs@^1.11.13:
  version "1.11.13"
  resolved "https://registry.yarnpkg.com/dayjs/-/dayjs-1.11.13.tgz#92430b0139055c3ebb60150aa13e860a4b5a366c"
  integrity sha512-oaMBel6gjolK862uaPQOVTA7q3TZhuSvuMQAAglQDOWYO9A91IrAOUJEyKVlqJlHE0vq5p5UXxzdPfMH/x6xNg==
